// !$*UTF8*$!
{
	archiveVersion = 1;
	classes = {
	};
	objectVersion = 46;
	objects = {

/* Begin PBXBuildFile section */
		5906F55C1AEADCD100F31878 /* DTCSandboxURL.m in Sources */ = {isa = PBXBuildFile; fileRef = 5906F55B1AEADCD100F31878 /* DTCSandboxURL.m */; };
		5906F56E1AEAE49800F31878 /* download-icon.png in Resources */ = {isa = PBXBuildFile; fileRef = 5906F55D1AEAE49800F31878 /* download-icon.png */; };
		5906F56F1AEAE49800F31878 /* download-icon@2x.png in Resources */ = {isa = PBXBuildFile; fileRef = 5906F55E1AEAE49800F31878 /* download-icon@2x.png */; };
		5906F5701AEAE49800F31878 /* downloaded-icon.png in Resources */ = {isa = PBXBuildFile; fileRef = 5906F55F1AEAE49800F31878 /* downloaded-icon.png */; };
		5906F5711AEAE49800F31878 /* downloaded-icon@2x.png in Resources */ = {isa = PBXBuildFile; fileRef = 5906F5601AEAE49800F31878 /* downloaded-icon@2x.png */; };
		5906F5721AEAE49800F31878 /* emptyBookCover.png in Resources */ = {isa = PBXBuildFile; fileRef = 5906F5611AEAE49800F31878 /* emptyBookCover.png */; };
		5906F5731AEAE49800F31878 /* favorite-filled.png in Resources */ = {isa = PBXBuildFile; fileRef = 5906F5621AEAE49800F31878 /* favorite-filled.png */; };
		5906F5741AEAE49800F31878 /* favorite-filled@2x.png in Resources */ = {isa = PBXBuildFile; fileRef = 5906F5631AEAE49800F31878 /* favorite-filled@2x.png */; };
		5906F5751AEAE49800F31878 /* favorite-outline.png in Resources */ = {isa = PBXBuildFile; fileRef = 5906F5641AEAE49800F31878 /* favorite-outline.png */; };
		5906F5761AEAE49800F31878 /* favorite-outline@2x.png in Resources */ = {isa = PBXBuildFile; fileRef = 5906F5651AEAE49800F31878 /* favorite-outline@2x.png */; };
		5906F5771AEAE49800F31878 /* noimageRect.png in Resources */ = {isa = PBXBuildFile; fileRef = 5906F5661AEAE49800F31878 /* noimageRect.png */; };
		5906F5781AEAE49800F31878 /* noimageThumb.png in Resources */ = {isa = PBXBuildFile; fileRef = 5906F5671AEAE49800F31878 /* noimageThumb.png */; };
		5906F5791AEAE49800F31878 /* noimageThumb@2x.png in Resources */ = {isa = PBXBuildFile; fileRef = 5906F5681AEAE49800F31878 /* noimageThumb@2x.png */; };
		5906F57A1AEAE49800F31878 /* noimageWide.png in Resources */ = {isa = PBXBuildFile; fileRef = 5906F5691AEAE49800F31878 /* noimageWide.png */; };
		5906F57B1AEAE49800F31878 /* pen-icon.png in Resources */ = {isa = PBXBuildFile; fileRef = 5906F56A1AEAE49800F31878 /* pen-icon.png */; };
		5906F57C1AEAE49800F31878 /* pen-icon@2x.png in Resources */ = {isa = PBXBuildFile; fileRef = 5906F56B1AEAE49800F31878 /* pen-icon@2x.png */; };
		5906F57D1AEAE49800F31878 /* tag-icon.png in Resources */ = {isa = PBXBuildFile; fileRef = 5906F56C1AEAE49800F31878 /* tag-icon.png */; };
		5906F57E1AEAE49800F31878 /* tag-icon@2x.png in Resources */ = {isa = PBXBuildFile; fileRef = 5906F56D1AEAE49800F31878 /* tag-icon@2x.png */; };
		590B73D21AEA31AB00DE2FEF /* main.m in Sources */ = {isa = PBXBuildFile; fileRef = 590B73D11AEA31AB00DE2FEF /* main.m */; };
		590B73D51AEA31AB00DE2FEF /* AppDelegate.m in Sources */ = {isa = PBXBuildFile; fileRef = 590B73D41AEA31AB00DE2FEF /* AppDelegate.m */; };
		590B73D71AEA31AB00DE2FEF /* Images.xcassets in Resources */ = {isa = PBXBuildFile; fileRef = 590B73D61AEA31AB00DE2FEF /* Images.xcassets */; };
		590B73DA1AEA31AB00DE2FEF /* LaunchScreen.xib in Resources */ = {isa = PBXBuildFile; fileRef = 590B73D81AEA31AB00DE2FEF /* LaunchScreen.xib */; };
		590B73E61AEA31AB00DE2FEF /* HackerBooks_v2Tests.m in Sources */ = {isa = PBXBuildFile; fileRef = 590B73E51AEA31AB00DE2FEF /* HackerBooks_v2Tests.m */; };
		590B73F81AEA381F00DE2FEF /* UIViewController+Navigation.m in Sources */ = {isa = PBXBuildFile; fileRef = 590B73F71AEA381F00DE2FEF /* UIViewController+Navigation.m */; };
		590B73FB1AEA383700DE2FEF /* DTCCoreDataQueries.m in Sources */ = {isa = PBXBuildFile; fileRef = 590B73FA1AEA383700DE2FEF /* DTCCoreDataQueries.m */; };
		590B73FE1AEA385100DE2FEF /* AGTCoreDataStack.m in Sources */ = {isa = PBXBuildFile; fileRef = 590B73FD1AEA385100DE2FEF /* AGTCoreDataStack.m */; };
		590B74011AEA386400DE2FEF /* Model.xcdatamodeld in Sources */ = {isa = PBXBuildFile; fileRef = 590B73FF1AEA386400DE2FEF /* Model.xcdatamodeld */; };
		590B740F1AEA42C500DE2FEF /* _DTCAnnotation.m in Sources */ = {isa = PBXBuildFile; fileRef = 590B74041AEA42C500DE2FEF /* _DTCAnnotation.m */; };
		590B74101AEA42C500DE2FEF /* _DTCAuthor.m in Sources */ = {isa = PBXBuildFile; fileRef = 590B74061AEA42C500DE2FEF /* _DTCAuthor.m */; };
		590B74111AEA42C500DE2FEF /* _DTCBook.m in Sources */ = {isa = PBXBuildFile; fileRef = 590B74081AEA42C500DE2FEF /* _DTCBook.m */; };
		590B74121AEA42C500DE2FEF /* _DTCPdf.m in Sources */ = {isa = PBXBuildFile; fileRef = 590B740A1AEA42C500DE2FEF /* _DTCPdf.m */; };
		590B74131AEA42C500DE2FEF /* _DTCPhoto.m in Sources */ = {isa = PBXBuildFile; fileRef = 590B740C1AEA42C500DE2FEF /* _DTCPhoto.m */; };
		590B74141AEA42C500DE2FEF /* _DTCTag.m in Sources */ = {isa = PBXBuildFile; fileRef = 590B740E1AEA42C500DE2FEF /* _DTCTag.m */; };
		590B74221AEA42EE00DE2FEF /* DTCAnnotation.m in Sources */ = {isa = PBXBuildFile; fileRef = 590B74171AEA42EE00DE2FEF /* DTCAnnotation.m */; };
		590B74231AEA42EE00DE2FEF /* DTCAuthor.m in Sources */ = {isa = PBXBuildFile; fileRef = 590B74191AEA42EE00DE2FEF /* DTCAuthor.m */; };
		590B74241AEA42EE00DE2FEF /* DTCBook.m in Sources */ = {isa = PBXBuildFile; fileRef = 590B741B1AEA42EE00DE2FEF /* DTCBook.m */; };
		590B74251AEA42EE00DE2FEF /* DTCPdf.m in Sources */ = {isa = PBXBuildFile; fileRef = 590B741D1AEA42EE00DE2FEF /* DTCPdf.m */; };
		590B74261AEA42EE00DE2FEF /* DTCPhoto.m in Sources */ = {isa = PBXBuildFile; fileRef = 590B741F1AEA42EE00DE2FEF /* DTCPhoto.m */; };
		590B74271AEA42EE00DE2FEF /* DTCTag.m in Sources */ = {isa = PBXBuildFile; fileRef = 590B74211AEA42EE00DE2FEF /* DTCTag.m */; };
		590B742A1AEA44FB00DE2FEF /* DTCHackerBooksBaseClass.m in Sources */ = {isa = PBXBuildFile; fileRef = 590B74291AEA44FB00DE2FEF /* DTCHackerBooksBaseClass.m */; };
		590B742D1AEA9FA300DE2FEF /* DTCHelpers.m in Sources */ = {isa = PBXBuildFile; fileRef = 590B742C1AEA9FA300DE2FEF /* DTCHelpers.m */; };
		590B74431AEAC6AD00DE2FEF /* AGTCoreDataTableViewController.m in Sources */ = {isa = PBXBuildFile; fileRef = 590B74421AEAC6AD00DE2FEF /* AGTCoreDataTableViewController.m */; };
		590B74481AEAC7EF00DE2FEF /* DTCLibraryViewController.m in Sources */ = {isa = PBXBuildFile; fileRef = 590B74471AEAC7EF00DE2FEF /* DTCLibraryViewController.m */; };
		590B744C1AEACB0C00DE2FEF /* DTCBookViewController.m in Sources */ = {isa = PBXBuildFile; fileRef = 590B744A1AEACB0C00DE2FEF /* DTCBookViewController.m */; };
		590B744D1AEACB0C00DE2FEF /* DTCBookViewController.xib in Resources */ = {isa = PBXBuildFile; fileRef = 590B744B1AEACB0C00DE2FEF /* DTCBookViewController.xib */; };
		594266441AEB085400C15B54 /* DTCAsyncImage.m in Sources */ = {isa = PBXBuildFile; fileRef = 594266431AEB085400C15B54 /* DTCAsyncImage.m */; };
		597757221AEB8F8D0074F6A3 /* DTCSimplePDFViewController.xib in Resources */ = {isa = PBXBuildFile; fileRef = 597757201AEB8F8D0074F6A3 /* DTCSimplePDFViewController.xib */; };
		59BBF6561AECF92200A1FF08 /* DTCSimplePDFViewController.m in Sources */ = {isa = PBXBuildFile; fileRef = 59BBF6551AECF92200A1FF08 /* DTCSimplePDFViewController.m */; };
		59BBF6591AED057E00A1FF08 /* DTCAnnotationsViewController.m in Sources */ = {isa = PBXBuildFile; fileRef = 59BBF6581AED057E00A1FF08 /* DTCAnnotationsViewController.m */; };
		59BBF65D1AED136B00A1FF08 /* DTCNewAnnotationViewController.m in Sources */ = {isa = PBXBuildFile; fileRef = 59BBF65B1AED136B00A1FF08 /* DTCNewAnnotationViewController.m */; };
		59BBF65E1AED136B00A1FF08 /* DTCNewAnnotationViewController.xib in Resources */ = {isa = PBXBuildFile; fileRef = 59BBF65C1AED136B00A1FF08 /* DTCNewAnnotationViewController.xib */; };
		59BBF6621AED34A600A1FF08 /* DTCAnnotationViewController.m in Sources */ = {isa = PBXBuildFile; fileRef = 59BBF6601AED34A600A1FF08 /* DTCAnnotationViewController.m */; };
		59BBF6631AED34A600A1FF08 /* DTCAnnotationViewController.xib in Resources */ = {isa = PBXBuildFile; fileRef = 59BBF6611AED34A600A1FF08 /* DTCAnnotationViewController.xib */; };
		59BBF6671AED3E9500A1FF08 /* DTCAnnotationPhotoViewController.m in Sources */ = {isa = PBXBuildFile; fileRef = 59BBF6651AED3E9500A1FF08 /* DTCAnnotationPhotoViewController.m */; };
		59BBF6681AED3E9500A1FF08 /* DTCAnnotationPhotoViewController.xib in Resources */ = {isa = PBXBuildFile; fileRef = 59BBF6661AED3E9500A1FF08 /* DTCAnnotationPhotoViewController.xib */; };
		59BBF66A1AED628B00A1FF08 /* DTCBookViewController~iphone.xib in Resources */ = {isa = PBXBuildFile; fileRef = 59BBF6691AED628B00A1FF08 /* DTCBookViewController~iphone.xib */; };
/* End PBXBuildFile section */

/* Begin PBXContainerItemProxy section */
		590B73E01AEA31AB00DE2FEF /* PBXContainerItemProxy */ = {
			isa = PBXContainerItemProxy;
			containerPortal = 590B73C41AEA31AB00DE2FEF /* Project object */;
			proxyType = 1;
			remoteGlobalIDString = 590B73CB1AEA31AB00DE2FEF;
			remoteInfo = HackerBooks_v2;
		};
/* End PBXContainerItemProxy section */

/* Begin PBXFileReference section */
		5906F55A1AEADCD100F31878 /* DTCSandboxURL.h */ = {isa = PBXFileReference; fileEncoding = 4; lastKnownFileType = sourcecode.c.h; path = DTCSandboxURL.h; sourceTree = "<group>"; };
		5906F55B1AEADCD100F31878 /* DTCSandboxURL.m */ = {isa = PBXFileReference; fileEncoding = 4; lastKnownFileType = sourcecode.c.objc; path = DTCSandboxURL.m; sourceTree = "<group>"; };
		5906F55D1AEAE49800F31878 /* download-icon.png */ = {isa = PBXFileReference; lastKnownFileType = image.png; path = "download-icon.png"; sourceTree = "<group>"; };
		5906F55E1AEAE49800F31878 /* download-icon@2x.png */ = {isa = PBXFileReference; lastKnownFileType = image.png; path = "download-icon@2x.png"; sourceTree = "<group>"; };
		5906F55F1AEAE49800F31878 /* downloaded-icon.png */ = {isa = PBXFileReference; lastKnownFileType = image.png; path = "downloaded-icon.png"; sourceTree = "<group>"; };
		5906F5601AEAE49800F31878 /* downloaded-icon@2x.png */ = {isa = PBXFileReference; lastKnownFileType = image.png; path = "downloaded-icon@2x.png"; sourceTree = "<group>"; };
		5906F5611AEAE49800F31878 /* emptyBookCover.png */ = {isa = PBXFileReference; lastKnownFileType = image.png; path = emptyBookCover.png; sourceTree = "<group>"; };
		5906F5621AEAE49800F31878 /* favorite-filled.png */ = {isa = PBXFileReference; lastKnownFileType = image.png; path = "favorite-filled.png"; sourceTree = "<group>"; };
		5906F5631AEAE49800F31878 /* favorite-filled@2x.png */ = {isa = PBXFileReference; lastKnownFileType = image.png; path = "favorite-filled@2x.png"; sourceTree = "<group>"; };
		5906F5641AEAE49800F31878 /* favorite-outline.png */ = {isa = PBXFileReference; lastKnownFileType = image.png; path = "favorite-outline.png"; sourceTree = "<group>"; };
		5906F5651AEAE49800F31878 /* favorite-outline@2x.png */ = {isa = PBXFileReference; lastKnownFileType = image.png; path = "favorite-outline@2x.png"; sourceTree = "<group>"; };
		5906F5661AEAE49800F31878 /* noimageRect.png */ = {isa = PBXFileReference; lastKnownFileType = image.png; path = noimageRect.png; sourceTree = "<group>"; };
		5906F5671AEAE49800F31878 /* noimageThumb.png */ = {isa = PBXFileReference; lastKnownFileType = image.png; path = noimageThumb.png; sourceTree = "<group>"; };
		5906F5681AEAE49800F31878 /* noimageThumb@2x.png */ = {isa = PBXFileReference; lastKnownFileType = image.png; path = "noimageThumb@2x.png"; sourceTree = "<group>"; };
		5906F5691AEAE49800F31878 /* noimageWide.png */ = {isa = PBXFileReference; lastKnownFileType = image.png; path = noimageWide.png; sourceTree = "<group>"; };
		5906F56A1AEAE49800F31878 /* pen-icon.png */ = {isa = PBXFileReference; lastKnownFileType = image.png; path = "pen-icon.png"; sourceTree = "<group>"; };
		5906F56B1AEAE49800F31878 /* pen-icon@2x.png */ = {isa = PBXFileReference; lastKnownFileType = image.png; path = "pen-icon@2x.png"; sourceTree = "<group>"; };
		5906F56C1AEAE49800F31878 /* tag-icon.png */ = {isa = PBXFileReference; lastKnownFileType = image.png; path = "tag-icon.png"; sourceTree = "<group>"; };
		5906F56D1AEAE49800F31878 /* tag-icon@2x.png */ = {isa = PBXFileReference; lastKnownFileType = image.png; path = "tag-icon@2x.png"; sourceTree = "<group>"; };
		590B73CC1AEA31AB00DE2FEF /* HackerBooks_v2.app */ = {isa = PBXFileReference; explicitFileType = wrapper.application; includeInIndex = 0; path = HackerBooks_v2.app; sourceTree = BUILT_PRODUCTS_DIR; };
		590B73D01AEA31AB00DE2FEF /* Info.plist */ = {isa = PBXFileReference; lastKnownFileType = text.plist.xml; path = Info.plist; sourceTree = "<group>"; };
		590B73D11AEA31AB00DE2FEF /* main.m */ = {isa = PBXFileReference; lastKnownFileType = sourcecode.c.objc; path = main.m; sourceTree = "<group>"; };
		590B73D31AEA31AB00DE2FEF /* AppDelegate.h */ = {isa = PBXFileReference; lastKnownFileType = sourcecode.c.h; path = AppDelegate.h; sourceTree = "<group>"; };
		590B73D41AEA31AB00DE2FEF /* AppDelegate.m */ = {isa = PBXFileReference; lastKnownFileType = sourcecode.c.objc; path = AppDelegate.m; sourceTree = "<group>"; };
		590B73D61AEA31AB00DE2FEF /* Images.xcassets */ = {isa = PBXFileReference; lastKnownFileType = folder.assetcatalog; path = Images.xcassets; sourceTree = "<group>"; };
		590B73D91AEA31AB00DE2FEF /* Base */ = {isa = PBXFileReference; lastKnownFileType = file.xib; name = Base; path = Base.lproj/LaunchScreen.xib; sourceTree = "<group>"; };
		590B73DF1AEA31AB00DE2FEF /* HackerBooks_v2Tests.xctest */ = {isa = PBXFileReference; explicitFileType = wrapper.cfbundle; includeInIndex = 0; path = HackerBooks_v2Tests.xctest; sourceTree = BUILT_PRODUCTS_DIR; };
		590B73E41AEA31AB00DE2FEF /* Info.plist */ = {isa = PBXFileReference; lastKnownFileType = text.plist.xml; path = Info.plist; sourceTree = "<group>"; };
		590B73E51AEA31AB00DE2FEF /* HackerBooks_v2Tests.m */ = {isa = PBXFileReference; lastKnownFileType = sourcecode.c.objc; path = HackerBooks_v2Tests.m; sourceTree = "<group>"; };
		590B73F61AEA381F00DE2FEF /* UIViewController+Navigation.h */ = {isa = PBXFileReference; fileEncoding = 4; lastKnownFileType = sourcecode.c.h; path = "UIViewController+Navigation.h"; sourceTree = "<group>"; };
		590B73F71AEA381F00DE2FEF /* UIViewController+Navigation.m */ = {isa = PBXFileReference; fileEncoding = 4; lastKnownFileType = sourcecode.c.objc; path = "UIViewController+Navigation.m"; sourceTree = "<group>"; };
		590B73F91AEA383700DE2FEF /* DTCCoreDataQueries.h */ = {isa = PBXFileReference; fileEncoding = 4; lastKnownFileType = sourcecode.c.h; path = DTCCoreDataQueries.h; sourceTree = "<group>"; };
		590B73FA1AEA383700DE2FEF /* DTCCoreDataQueries.m */ = {isa = PBXFileReference; fileEncoding = 4; lastKnownFileType = sourcecode.c.objc; path = DTCCoreDataQueries.m; sourceTree = "<group>"; };
		590B73FC1AEA385100DE2FEF /* AGTCoreDataStack.h */ = {isa = PBXFileReference; fileEncoding = 4; lastKnownFileType = sourcecode.c.h; path = AGTCoreDataStack.h; sourceTree = "<group>"; };
		590B73FD1AEA385100DE2FEF /* AGTCoreDataStack.m */ = {isa = PBXFileReference; fileEncoding = 4; lastKnownFileType = sourcecode.c.objc; path = AGTCoreDataStack.m; sourceTree = "<group>"; };
		590B74001AEA386400DE2FEF /* Model.xcdatamodel */ = {isa = PBXFileReference; lastKnownFileType = wrapper.xcdatamodel; path = Model.xcdatamodel; sourceTree = "<group>"; };
		590B74041AEA42C500DE2FEF /* _DTCAnnotation.m */ = {isa = PBXFileReference; fileEncoding = 4; lastKnownFileType = sourcecode.c.objc; path = _DTCAnnotation.m; sourceTree = "<group>"; };
		590B74061AEA42C500DE2FEF /* _DTCAuthor.m */ = {isa = PBXFileReference; fileEncoding = 4; lastKnownFileType = sourcecode.c.objc; path = _DTCAuthor.m; sourceTree = "<group>"; };
		590B74081AEA42C500DE2FEF /* _DTCBook.m */ = {isa = PBXFileReference; fileEncoding = 4; lastKnownFileType = sourcecode.c.objc; path = _DTCBook.m; sourceTree = "<group>"; };
		590B740A1AEA42C500DE2FEF /* _DTCPdf.m */ = {isa = PBXFileReference; fileEncoding = 4; lastKnownFileType = sourcecode.c.objc; path = _DTCPdf.m; sourceTree = "<group>"; };
		590B740C1AEA42C500DE2FEF /* _DTCPhoto.m */ = {isa = PBXFileReference; fileEncoding = 4; lastKnownFileType = sourcecode.c.objc; path = _DTCPhoto.m; sourceTree = "<group>"; };
		590B740E1AEA42C500DE2FEF /* _DTCTag.m */ = {isa = PBXFileReference; fileEncoding = 4; lastKnownFileType = sourcecode.c.objc; path = _DTCTag.m; sourceTree = "<group>"; };
		590B74161AEA42EE00DE2FEF /* DTCAnnotation.h */ = {isa = PBXFileReference; fileEncoding = 4; lastKnownFileType = sourcecode.c.h; path = DTCAnnotation.h; sourceTree = "<group>"; };
		590B74171AEA42EE00DE2FEF /* DTCAnnotation.m */ = {isa = PBXFileReference; fileEncoding = 4; lastKnownFileType = sourcecode.c.objc; path = DTCAnnotation.m; sourceTree = "<group>"; };
		590B74181AEA42EE00DE2FEF /* DTCAuthor.h */ = {isa = PBXFileReference; fileEncoding = 4; lastKnownFileType = sourcecode.c.h; path = DTCAuthor.h; sourceTree = "<group>"; };
		590B74191AEA42EE00DE2FEF /* DTCAuthor.m */ = {isa = PBXFileReference; fileEncoding = 4; lastKnownFileType = sourcecode.c.objc; path = DTCAuthor.m; sourceTree = "<group>"; };
		590B741A1AEA42EE00DE2FEF /* DTCBook.h */ = {isa = PBXFileReference; fileEncoding = 4; lastKnownFileType = sourcecode.c.h; path = DTCBook.h; sourceTree = "<group>"; };
		590B741B1AEA42EE00DE2FEF /* DTCBook.m */ = {isa = PBXFileReference; fileEncoding = 4; lastKnownFileType = sourcecode.c.objc; path = DTCBook.m; sourceTree = "<group>"; };
		590B741C1AEA42EE00DE2FEF /* DTCPdf.h */ = {isa = PBXFileReference; fileEncoding = 4; lastKnownFileType = sourcecode.c.h; path = DTCPdf.h; sourceTree = "<group>"; };
		590B741D1AEA42EE00DE2FEF /* DTCPdf.m */ = {isa = PBXFileReference; fileEncoding = 4; lastKnownFileType = sourcecode.c.objc; path = DTCPdf.m; sourceTree = "<group>"; };
		590B741E1AEA42EE00DE2FEF /* DTCPhoto.h */ = {isa = PBXFileReference; fileEncoding = 4; lastKnownFileType = sourcecode.c.h; path = DTCPhoto.h; sourceTree = "<group>"; };
		590B741F1AEA42EE00DE2FEF /* DTCPhoto.m */ = {isa = PBXFileReference; fileEncoding = 4; lastKnownFileType = sourcecode.c.objc; path = DTCPhoto.m; sourceTree = "<group>"; };
		590B74201AEA42EE00DE2FEF /* DTCTag.h */ = {isa = PBXFileReference; fileEncoding = 4; lastKnownFileType = sourcecode.c.h; path = DTCTag.h; sourceTree = "<group>"; };
		590B74211AEA42EE00DE2FEF /* DTCTag.m */ = {isa = PBXFileReference; fileEncoding = 4; lastKnownFileType = sourcecode.c.objc; path = DTCTag.m; sourceTree = "<group>"; };
		590B74281AEA44FB00DE2FEF /* DTCHackerBooksBaseClass.h */ = {isa = PBXFileReference; fileEncoding = 4; lastKnownFileType = sourcecode.c.h; path = DTCHackerBooksBaseClass.h; sourceTree = "<group>"; };
		590B74291AEA44FB00DE2FEF /* DTCHackerBooksBaseClass.m */ = {isa = PBXFileReference; fileEncoding = 4; lastKnownFileType = sourcecode.c.objc; path = DTCHackerBooksBaseClass.m; sourceTree = "<group>"; };
		590B742B1AEA9FA300DE2FEF /* DTCHelpers.h */ = {isa = PBXFileReference; fileEncoding = 4; lastKnownFileType = sourcecode.c.h; path = DTCHelpers.h; sourceTree = "<group>"; };
		590B742C1AEA9FA300DE2FEF /* DTCHelpers.m */ = {isa = PBXFileReference; fileEncoding = 4; lastKnownFileType = sourcecode.c.objc; path = DTCHelpers.m; sourceTree = "<group>"; };
		590B742E1AEA9FE800DE2FEF /* BookSettings.h */ = {isa = PBXFileReference; lastKnownFileType = sourcecode.c.h; path = BookSettings.h; sourceTree = "<group>"; };
		590B743B1AEAA1E900DE2FEF /* _DTCAnnotation.h */ = {isa = PBXFileReference; lastKnownFileType = sourcecode.c.h; path = _DTCAnnotation.h; sourceTree = "<group>"; };
		590B743C1AEAA1E900DE2FEF /* _DTCAuthor.h */ = {isa = PBXFileReference; lastKnownFileType = sourcecode.c.h; path = _DTCAuthor.h; sourceTree = "<group>"; };
		590B743D1AEAA1E900DE2FEF /* _DTCBook.h */ = {isa = PBXFileReference; lastKnownFileType = sourcecode.c.h; path = _DTCBook.h; sourceTree = "<group>"; };
		590B743E1AEAA1E900DE2FEF /* _DTCPdf.h */ = {isa = PBXFileReference; lastKnownFileType = sourcecode.c.h; path = _DTCPdf.h; sourceTree = "<group>"; };
		590B743F1AEAA1E900DE2FEF /* _DTCPhoto.h */ = {isa = PBXFileReference; lastKnownFileType = sourcecode.c.h; path = _DTCPhoto.h; sourceTree = "<group>"; };
		590B74401AEAA1E900DE2FEF /* _DTCTag.h */ = {isa = PBXFileReference; lastKnownFileType = sourcecode.c.h; path = _DTCTag.h; sourceTree = "<group>"; };
		590B74411AEAC6AD00DE2FEF /* AGTCoreDataTableViewController.h */ = {isa = PBXFileReference; fileEncoding = 4; lastKnownFileType = sourcecode.c.h; path = AGTCoreDataTableViewController.h; sourceTree = "<group>"; };
		590B74421AEAC6AD00DE2FEF /* AGTCoreDataTableViewController.m */ = {isa = PBXFileReference; fileEncoding = 4; lastKnownFileType = sourcecode.c.objc; path = AGTCoreDataTableViewController.m; sourceTree = "<group>"; };
		590B74451AEAC76300DE2FEF /* InitSettings.h */ = {isa = PBXFileReference; lastKnownFileType = sourcecode.c.h; path = InitSettings.h; sourceTree = "<group>"; };
		590B74461AEAC7EF00DE2FEF /* DTCLibraryViewController.h */ = {isa = PBXFileReference; fileEncoding = 4; lastKnownFileType = sourcecode.c.h; path = DTCLibraryViewController.h; sourceTree = "<group>"; };
		590B74471AEAC7EF00DE2FEF /* DTCLibraryViewController.m */ = {isa = PBXFileReference; fileEncoding = 4; lastKnownFileType = sourcecode.c.objc; path = DTCLibraryViewController.m; sourceTree = "<group>"; };
		590B74491AEACB0C00DE2FEF /* DTCBookViewController.h */ = {isa = PBXFileReference; fileEncoding = 4; lastKnownFileType = sourcecode.c.h; path = DTCBookViewController.h; sourceTree = "<group>"; };
		590B744A1AEACB0C00DE2FEF /* DTCBookViewController.m */ = {isa = PBXFileReference; fileEncoding = 4; lastKnownFileType = sourcecode.c.objc; path = DTCBookViewController.m; sourceTree = "<group>"; };
		590B744B1AEACB0C00DE2FEF /* DTCBookViewController.xib */ = {isa = PBXFileReference; fileEncoding = 4; lastKnownFileType = file.xib; path = DTCBookViewController.xib; sourceTree = "<group>"; };
		594266421AEB085400C15B54 /* DTCAsyncImage.h */ = {isa = PBXFileReference; fileEncoding = 4; lastKnownFileType = sourcecode.c.h; path = DTCAsyncImage.h; sourceTree = "<group>"; };
		594266431AEB085400C15B54 /* DTCAsyncImage.m */ = {isa = PBXFileReference; fileEncoding = 4; lastKnownFileType = sourcecode.c.objc; path = DTCAsyncImage.m; sourceTree = "<group>"; };
		597757201AEB8F8D0074F6A3 /* DTCSimplePDFViewController.xib */ = {isa = PBXFileReference; fileEncoding = 4; lastKnownFileType = file.xib; path = DTCSimplePDFViewController.xib; sourceTree = "<group>"; };
		59BBF6541AECF92200A1FF08 /* DTCSimplePDFViewController.h */ = {isa = PBXFileReference; fileEncoding = 4; lastKnownFileType = sourcecode.c.h; path = DTCSimplePDFViewController.h; sourceTree = "<group>"; };
		59BBF6551AECF92200A1FF08 /* DTCSimplePDFViewController.m */ = {isa = PBXFileReference; fileEncoding = 4; lastKnownFileType = sourcecode.c.objc; path = DTCSimplePDFViewController.m; sourceTree = "<group>"; };
		59BBF6571AED057E00A1FF08 /* DTCAnnotationsViewController.h */ = {isa = PBXFileReference; fileEncoding = 4; lastKnownFileType = sourcecode.c.h; path = DTCAnnotationsViewController.h; sourceTree = "<group>"; };
		59BBF6581AED057E00A1FF08 /* DTCAnnotationsViewController.m */ = {isa = PBXFileReference; fileEncoding = 4; lastKnownFileType = sourcecode.c.objc; path = DTCAnnotationsViewController.m; sourceTree = "<group>"; };
		59BBF65A1AED136B00A1FF08 /* DTCNewAnnotationViewController.h */ = {isa = PBXFileReference; fileEncoding = 4; lastKnownFileType = sourcecode.c.h; path = DTCNewAnnotationViewController.h; sourceTree = "<group>"; };
		59BBF65B1AED136B00A1FF08 /* DTCNewAnnotationViewController.m */ = {isa = PBXFileReference; fileEncoding = 4; lastKnownFileType = sourcecode.c.objc; path = DTCNewAnnotationViewController.m; sourceTree = "<group>"; };
		59BBF65C1AED136B00A1FF08 /* DTCNewAnnotationViewController.xib */ = {isa = PBXFileReference; fileEncoding = 4; lastKnownFileType = file.xib; path = DTCNewAnnotationViewController.xib; sourceTree = "<group>"; };
		59BBF65F1AED34A600A1FF08 /* DTCAnnotationViewController.h */ = {isa = PBXFileReference; fileEncoding = 4; lastKnownFileType = sourcecode.c.h; path = DTCAnnotationViewController.h; sourceTree = "<group>"; };
		59BBF6601AED34A600A1FF08 /* DTCAnnotationViewController.m */ = {isa = PBXFileReference; fileEncoding = 4; lastKnownFileType = sourcecode.c.objc; path = DTCAnnotationViewController.m; sourceTree = "<group>"; };
		59BBF6611AED34A600A1FF08 /* DTCAnnotationViewController.xib */ = {isa = PBXFileReference; fileEncoding = 4; lastKnownFileType = file.xib; path = DTCAnnotationViewController.xib; sourceTree = "<group>"; };
		59BBF6641AED3E9500A1FF08 /* DTCAnnotationPhotoViewController.h */ = {isa = PBXFileReference; fileEncoding = 4; lastKnownFileType = sourcecode.c.h; path = DTCAnnotationPhotoViewController.h; sourceTree = "<group>"; };
		59BBF6651AED3E9500A1FF08 /* DTCAnnotationPhotoViewController.m */ = {isa = PBXFileReference; fileEncoding = 4; lastKnownFileType = sourcecode.c.objc; path = DTCAnnotationPhotoViewController.m; sourceTree = "<group>"; };
		59BBF6661AED3E9500A1FF08 /* DTCAnnotationPhotoViewController.xib */ = {isa = PBXFileReference; fileEncoding = 4; lastKnownFileType = file.xib; path = DTCAnnotationPhotoViewController.xib; sourceTree = "<group>"; };
		59BBF6691AED628B00A1FF08 /* DTCBookViewController~iphone.xib */ = {isa = PBXFileReference; fileEncoding = 4; lastKnownFileType = file.xib; path = "DTCBookViewController~iphone.xib"; sourceTree = "<group>"; };
/* End PBXFileReference section */

/* Begin PBXFrameworksBuildPhase section */
		590B73C91AEA31AB00DE2FEF /* Frameworks */ = {
			isa = PBXFrameworksBuildPhase;
			buildActionMask = 2147483647;
			files = (
			);
			runOnlyForDeploymentPostprocessing = 0;
		};
		590B73DC1AEA31AB00DE2FEF /* Frameworks */ = {
			isa = PBXFrameworksBuildPhase;
			buildActionMask = 2147483647;
			files = (
			);
			runOnlyForDeploymentPostprocessing = 0;
		};
/* End PBXFrameworksBuildPhase section */

/* Begin PBXGroup section */
		590B73C31AEA31AB00DE2FEF = {
			isa = PBXGroup;
			children = (
				590B73CE1AEA31AB00DE2FEF /* HackerBooks_v2 */,
				590B73E21AEA31AB00DE2FEF /* HackerBooks_v2Tests */,
				590B73CD1AEA31AB00DE2FEF /* Products */,
			);
			sourceTree = "<group>";
		};
		590B73CD1AEA31AB00DE2FEF /* Products */ = {
			isa = PBXGroup;
			children = (
				590B73CC1AEA31AB00DE2FEF /* HackerBooks_v2.app */,
				590B73DF1AEA31AB00DE2FEF /* HackerBooks_v2Tests.xctest */,
			);
			name = Products;
			sourceTree = "<group>";
		};
		590B73CE1AEA31AB00DE2FEF /* HackerBooks_v2 */ = {
			isa = PBXGroup;
			children = (
				590B73F11AEA373A00DE2FEF /* Models */,
				590B73F01AEA373300DE2FEF /* Views */,
				590B73EF1AEA372500DE2FEF /* Controllers */,
				590B73F21AEA374200DE2FEF /* AppDelegate */,
				590B73F41AEA375600DE2FEF /* Categories */,
				590B73F31AEA374A00DE2FEF /* Helpers */,
				590B73F51AEA376200DE2FEF /* Resources */,
				590B73D61AEA31AB00DE2FEF /* Images.xcassets */,
				590B73D81AEA31AB00DE2FEF /* LaunchScreen.xib */,
				590B73CF1AEA31AB00DE2FEF /* Supporting Files */,
			);
			path = HackerBooks_v2;
			sourceTree = "<group>";
		};
		590B73CF1AEA31AB00DE2FEF /* Supporting Files */ = {
			isa = PBXGroup;
			children = (
				590B73D01AEA31AB00DE2FEF /* Info.plist */,
				590B73D11AEA31AB00DE2FEF /* main.m */,
			);
			name = "Supporting Files";
			sourceTree = "<group>";
		};
		590B73E21AEA31AB00DE2FEF /* HackerBooks_v2Tests */ = {
			isa = PBXGroup;
			children = (
				590B73E51AEA31AB00DE2FEF /* HackerBooks_v2Tests.m */,
				590B73E31AEA31AB00DE2FEF /* Supporting Files */,
			);
			path = HackerBooks_v2Tests;
			sourceTree = "<group>";
		};
		590B73E31AEA31AB00DE2FEF /* Supporting Files */ = {
			isa = PBXGroup;
			children = (
				590B73E41AEA31AB00DE2FEF /* Info.plist */,
			);
			name = "Supporting Files";
			sourceTree = "<group>";
		};
		590B73EF1AEA372500DE2FEF /* Controllers */ = {
			isa = PBXGroup;
			children = (
				590B74441AEAC6EC00DE2FEF /* CoreData */,
				590B74461AEAC7EF00DE2FEF /* DTCLibraryViewController.h */,
				590B74471AEAC7EF00DE2FEF /* DTCLibraryViewController.m */,
				590B74491AEACB0C00DE2FEF /* DTCBookViewController.h */,
				590B744A1AEACB0C00DE2FEF /* DTCBookViewController.m */,
				590B744B1AEACB0C00DE2FEF /* DTCBookViewController.xib */,
				59BBF6691AED628B00A1FF08 /* DTCBookViewController~iphone.xib */,
				597757201AEB8F8D0074F6A3 /* DTCSimplePDFViewController.xib */,
				59BBF6541AECF92200A1FF08 /* DTCSimplePDFViewController.h */,
				59BBF6551AECF92200A1FF08 /* DTCSimplePDFViewController.m */,
				59BBF6571AED057E00A1FF08 /* DTCAnnotationsViewController.h */,
				59BBF6581AED057E00A1FF08 /* DTCAnnotationsViewController.m */,
				59BBF65A1AED136B00A1FF08 /* DTCNewAnnotationViewController.h */,
				59BBF65B1AED136B00A1FF08 /* DTCNewAnnotationViewController.m */,
				59BBF65C1AED136B00A1FF08 /* DTCNewAnnotationViewController.xib */,
				59BBF65F1AED34A600A1FF08 /* DTCAnnotationViewController.h */,
				59BBF6601AED34A600A1FF08 /* DTCAnnotationViewController.m */,
				59BBF6611AED34A600A1FF08 /* DTCAnnotationViewController.xib */,
				59BBF6641AED3E9500A1FF08 /* DTCAnnotationPhotoViewController.h */,
				59BBF6651AED3E9500A1FF08 /* DTCAnnotationPhotoViewController.m */,
				59BBF6661AED3E9500A1FF08 /* DTCAnnotationPhotoViewController.xib */,
			);
			name = Controllers;
			sourceTree = "<group>";
		};
		590B73F01AEA373300DE2FEF /* Views */ = {
			isa = PBXGroup;
			children = (
			);
			name = Views;
			sourceTree = "<group>";
		};
		590B73F11AEA373A00DE2FEF /* Models */ = {
			isa = PBXGroup;
			children = (
				590B74281AEA44FB00DE2FEF /* DTCHackerBooksBaseClass.h */,
				590B74291AEA44FB00DE2FEF /* DTCHackerBooksBaseClass.m */,
				590B74161AEA42EE00DE2FEF /* DTCAnnotation.h */,
				590B74171AEA42EE00DE2FEF /* DTCAnnotation.m */,
				590B74181AEA42EE00DE2FEF /* DTCAuthor.h */,
				590B74191AEA42EE00DE2FEF /* DTCAuthor.m */,
				590B741A1AEA42EE00DE2FEF /* DTCBook.h */,
				590B741B1AEA42EE00DE2FEF /* DTCBook.m */,
				590B741C1AEA42EE00DE2FEF /* DTCPdf.h */,
				590B741D1AEA42EE00DE2FEF /* DTCPdf.m */,
				590B741E1AEA42EE00DE2FEF /* DTCPhoto.h */,
				590B741F1AEA42EE00DE2FEF /* DTCPhoto.m */,
				590B74201AEA42EE00DE2FEF /* DTCTag.h */,
				590B74211AEA42EE00DE2FEF /* DTCTag.m */,
				590B74021AEA421600DE2FEF /* Machine */,
				590B74151AEA42D300DE2FEF /* CoreDataStack */,
				590B73FF1AEA386400DE2FEF /* Model.xcdatamodeld */,
				594266421AEB085400C15B54 /* DTCAsyncImage.h */,
				594266431AEB085400C15B54 /* DTCAsyncImage.m */,
			);
			name = Models;
			sourceTree = "<group>";
		};
		590B73F21AEA374200DE2FEF /* AppDelegate */ = {
			isa = PBXGroup;
			children = (
				590B73D31AEA31AB00DE2FEF /* AppDelegate.h */,
				590B73D41AEA31AB00DE2FEF /* AppDelegate.m */,
			);
			name = AppDelegate;
			sourceTree = "<group>";
		};
		590B73F31AEA374A00DE2FEF /* Helpers */ = {
			isa = PBXGroup;
			children = (
				590B742B1AEA9FA300DE2FEF /* DTCHelpers.h */,
				590B742C1AEA9FA300DE2FEF /* DTCHelpers.m */,
				5906F55A1AEADCD100F31878 /* DTCSandboxURL.h */,
				5906F55B1AEADCD100F31878 /* DTCSandboxURL.m */,
				590B73F91AEA383700DE2FEF /* DTCCoreDataQueries.h */,
				590B73FA1AEA383700DE2FEF /* DTCCoreDataQueries.m */,
				590B742E1AEA9FE800DE2FEF /* BookSettings.h */,
				590B74451AEAC76300DE2FEF /* InitSettings.h */,
			);
			name = Helpers;
			sourceTree = "<group>";
		};
		590B73F41AEA375600DE2FEF /* Categories */ = {
			isa = PBXGroup;
			children = (
				590B73F61AEA381F00DE2FEF /* UIViewController+Navigation.h */,
				590B73F71AEA381F00DE2FEF /* UIViewController+Navigation.m */,
			);
			name = Categories;
			sourceTree = "<group>";
		};
		590B73F51AEA376200DE2FEF /* Resources */ = {
			isa = PBXGroup;
			children = (
				5906F55D1AEAE49800F31878 /* download-icon.png */,
				5906F55E1AEAE49800F31878 /* download-icon@2x.png */,
				5906F55F1AEAE49800F31878 /* downloaded-icon.png */,
				5906F5601AEAE49800F31878 /* downloaded-icon@2x.png */,
				5906F5611AEAE49800F31878 /* emptyBookCover.png */,
				5906F5621AEAE49800F31878 /* favorite-filled.png */,
				5906F5631AEAE49800F31878 /* favorite-filled@2x.png */,
				5906F5641AEAE49800F31878 /* favorite-outline.png */,
				5906F5651AEAE49800F31878 /* favorite-outline@2x.png */,
				5906F5661AEAE49800F31878 /* noimageRect.png */,
				5906F5671AEAE49800F31878 /* noimageThumb.png */,
				5906F5681AEAE49800F31878 /* noimageThumb@2x.png */,
				5906F5691AEAE49800F31878 /* noimageWide.png */,
				5906F56A1AEAE49800F31878 /* pen-icon.png */,
				5906F56B1AEAE49800F31878 /* pen-icon@2x.png */,
				5906F56C1AEAE49800F31878 /* tag-icon.png */,
				5906F56D1AEAE49800F31878 /* tag-icon@2x.png */,
			);
			name = Resources;
			sourceTree = "<group>";
		};
		590B74021AEA421600DE2FEF /* Machine */ = {
			isa = PBXGroup;
			children = (
				590B74041AEA42C500DE2FEF /* _DTCAnnotation.m */,
				590B74061AEA42C500DE2FEF /* _DTCAuthor.m */,
				590B74081AEA42C500DE2FEF /* _DTCBook.m */,
				590B740A1AEA42C500DE2FEF /* _DTCPdf.m */,
				590B743B1AEAA1E900DE2FEF /* _DTCAnnotation.h */,
				590B743C1AEAA1E900DE2FEF /* _DTCAuthor.h */,
				590B743D1AEAA1E900DE2FEF /* _DTCBook.h */,
				590B743E1AEAA1E900DE2FEF /* _DTCPdf.h */,
				590B743F1AEAA1E900DE2FEF /* _DTCPhoto.h */,
				590B74401AEAA1E900DE2FEF /* _DTCTag.h */,
				590B740C1AEA42C500DE2FEF /* _DTCPhoto.m */,
				590B740E1AEA42C500DE2FEF /* _DTCTag.m */,
			);
			name = Machine;
			sourceTree = "<group>";
		};
		590B74151AEA42D300DE2FEF /* CoreDataStack */ = {
			isa = PBXGroup;
			children = (
				590B73FC1AEA385100DE2FEF /* AGTCoreDataStack.h */,
				590B73FD1AEA385100DE2FEF /* AGTCoreDataStack.m */,
			);
			name = CoreDataStack;
			sourceTree = "<group>";
		};
		590B74441AEAC6EC00DE2FEF /* CoreData */ = {
			isa = PBXGroup;
			children = (
				590B74411AEAC6AD00DE2FEF /* AGTCoreDataTableViewController.h */,
				590B74421AEAC6AD00DE2FEF /* AGTCoreDataTableViewController.m */,
			);
			name = CoreData;
			sourceTree = "<group>";
		};
/* End PBXGroup section */

/* Begin PBXNativeTarget section */
		590B73CB1AEA31AB00DE2FEF /* HackerBooks_v2 */ = {
			isa = PBXNativeTarget;
			buildConfigurationList = 590B73E91AEA31AB00DE2FEF /* Build configuration list for PBXNativeTarget "HackerBooks_v2" */;
			buildPhases = (
				590B73C81AEA31AB00DE2FEF /* Sources */,
				590B73C91AEA31AB00DE2FEF /* Frameworks */,
				590B73CA1AEA31AB00DE2FEF /* Resources */,
			);
			buildRules = (
			);
			dependencies = (
			);
			name = HackerBooks_v2;
			productName = HackerBooks_v2;
			productReference = 590B73CC1AEA31AB00DE2FEF /* HackerBooks_v2.app */;
			productType = "com.apple.product-type.application";
		};
		590B73DE1AEA31AB00DE2FEF /* HackerBooks_v2Tests */ = {
			isa = PBXNativeTarget;
			buildConfigurationList = 590B73EC1AEA31AB00DE2FEF /* Build configuration list for PBXNativeTarget "HackerBooks_v2Tests" */;
			buildPhases = (
				590B73DB1AEA31AB00DE2FEF /* Sources */,
				590B73DC1AEA31AB00DE2FEF /* Frameworks */,
				590B73DD1AEA31AB00DE2FEF /* Resources */,
			);
			buildRules = (
			);
			dependencies = (
				590B73E11AEA31AB00DE2FEF /* PBXTargetDependency */,
			);
			name = HackerBooks_v2Tests;
			productName = HackerBooks_v2Tests;
			productReference = 590B73DF1AEA31AB00DE2FEF /* HackerBooks_v2Tests.xctest */;
			productType = "com.apple.product-type.bundle.unit-test";
		};
/* End PBXNativeTarget section */

/* Begin PBXProject section */
		590B73C41AEA31AB00DE2FEF /* Project object */ = {
			isa = PBXProject;
			attributes = {
				LastUpgradeCheck = 0630;
				ORGANIZATIONNAME = "David de Tena";
				TargetAttributes = {
					590B73CB1AEA31AB00DE2FEF = {
						CreatedOnToolsVersion = 6.3;
					};
					590B73DE1AEA31AB00DE2FEF = {
						CreatedOnToolsVersion = 6.3;
						TestTargetID = 590B73CB1AEA31AB00DE2FEF;
					};
				};
			};
			buildConfigurationList = 590B73C71AEA31AB00DE2FEF /* Build configuration list for PBXProject "HackerBooks_v2" */;
			compatibilityVersion = "Xcode 3.2";
			developmentRegion = English;
			hasScannedForEncodings = 0;
			knownRegions = (
				en,
				Base,
			);
			mainGroup = 590B73C31AEA31AB00DE2FEF;
			productRefGroup = 590B73CD1AEA31AB00DE2FEF /* Products */;
			projectDirPath = "";
			projectRoot = "";
			targets = (
				590B73CB1AEA31AB00DE2FEF /* HackerBooks_v2 */,
				590B73DE1AEA31AB00DE2FEF /* HackerBooks_v2Tests */,
			);
		};
/* End PBXProject section */

/* Begin PBXResourcesBuildPhase section */
		590B73CA1AEA31AB00DE2FEF /* Resources */ = {
			isa = PBXResourcesBuildPhase;
			buildActionMask = 2147483647;
			files = (
				5906F5741AEAE49800F31878 /* favorite-filled@2x.png in Resources */,
				5906F57C1AEAE49800F31878 /* pen-icon@2x.png in Resources */,
				59BBF66A1AED628B00A1FF08 /* DTCBookViewController~iphone.xib in Resources */,
				5906F57D1AEAE49800F31878 /* tag-icon.png in Resources */,
				5906F5781AEAE49800F31878 /* noimageThumb.png in Resources */,
				59BBF6681AED3E9500A1FF08 /* DTCAnnotationPhotoViewController.xib in Resources */,
				5906F5761AEAE49800F31878 /* favorite-outline@2x.png in Resources */,
				5906F57B1AEAE49800F31878 /* pen-icon.png in Resources */,
				590B73DA1AEA31AB00DE2FEF /* LaunchScreen.xib in Resources */,
				5906F5771AEAE49800F31878 /* noimageRect.png in Resources */,
				59BBF65E1AED136B00A1FF08 /* DTCNewAnnotationViewController.xib in Resources */,
				597757221AEB8F8D0074F6A3 /* DTCSimplePDFViewController.xib in Resources */,
				590B744D1AEACB0C00DE2FEF /* DTCBookViewController.xib in Resources */,
				5906F5751AEAE49800F31878 /* favorite-outline.png in Resources */,
				5906F56E1AEAE49800F31878 /* download-icon.png in Resources */,
				59BBF6631AED34A600A1FF08 /* DTCAnnotationViewController.xib in Resources */,
				5906F5711AEAE49800F31878 /* downloaded-icon@2x.png in Resources */,
				5906F5791AEAE49800F31878 /* noimageThumb@2x.png in Resources */,
				5906F5701AEAE49800F31878 /* downloaded-icon.png in Resources */,
				5906F57E1AEAE49800F31878 /* tag-icon@2x.png in Resources */,
				5906F57A1AEAE49800F31878 /* noimageWide.png in Resources */,
				5906F56F1AEAE49800F31878 /* download-icon@2x.png in Resources */,
				5906F5731AEAE49800F31878 /* favorite-filled.png in Resources */,
				5906F5721AEAE49800F31878 /* emptyBookCover.png in Resources */,
				590B73D71AEA31AB00DE2FEF /* Images.xcassets in Resources */,
			);
			runOnlyForDeploymentPostprocessing = 0;
		};
		590B73DD1AEA31AB00DE2FEF /* Resources */ = {
			isa = PBXResourcesBuildPhase;
			buildActionMask = 2147483647;
			files = (
			);
			runOnlyForDeploymentPostprocessing = 0;
		};
/* End PBXResourcesBuildPhase section */

/* Begin PBXSourcesBuildPhase section */
		590B73C81AEA31AB00DE2FEF /* Sources */ = {
			isa = PBXSourcesBuildPhase;
			buildActionMask = 2147483647;
			files = (
				590B73F81AEA381F00DE2FEF /* UIViewController+Navigation.m in Sources */,
				590B742D1AEA9FA300DE2FEF /* DTCHelpers.m in Sources */,
				590B74431AEAC6AD00DE2FEF /* AGTCoreDataTableViewController.m in Sources */,
				590B74111AEA42C500DE2FEF /* _DTCBook.m in Sources */,
				59BBF65D1AED136B00A1FF08 /* DTCNewAnnotationViewController.m in Sources */,
				590B74271AEA42EE00DE2FEF /* DTCTag.m in Sources */,
				59BBF6561AECF92200A1FF08 /* DTCSimplePDFViewController.m in Sources */,
				590B74221AEA42EE00DE2FEF /* DTCAnnotation.m in Sources */,
				590B73FE1AEA385100DE2FEF /* AGTCoreDataStack.m in Sources */,
				590B73D51AEA31AB00DE2FEF /* AppDelegate.m in Sources */,
				590B74481AEAC7EF00DE2FEF /* DTCLibraryViewController.m in Sources */,
				59BBF6621AED34A600A1FF08 /* DTCAnnotationViewController.m in Sources */,
				59BBF6671AED3E9500A1FF08 /* DTCAnnotationPhotoViewController.m in Sources */,
				590B74131AEA42C500DE2FEF /* _DTCPhoto.m in Sources */,
				590B744C1AEACB0C00DE2FEF /* DTCBookViewController.m in Sources */,
				590B74121AEA42C500DE2FEF /* _DTCPdf.m in Sources */,
				590B73D21AEA31AB00DE2FEF /* main.m in Sources */,
				590B74261AEA42EE00DE2FEF /* DTCPhoto.m in Sources */,
				590B74251AEA42EE00DE2FEF /* DTCPdf.m in Sources */,
				59BBF6591AED057E00A1FF08 /* DTCAnnotationsViewController.m in Sources */,
				590B74231AEA42EE00DE2FEF /* DTCAuthor.m in Sources */,
				590B742A1AEA44FB00DE2FEF /* DTCHackerBooksBaseClass.m in Sources */,
				590B74101AEA42C500DE2FEF /* _DTCAuthor.m in Sources */,
				590B73FB1AEA383700DE2FEF /* DTCCoreDataQueries.m in Sources */,
				590B74011AEA386400DE2FEF /* Model.xcdatamodeld in Sources */,
				590B74241AEA42EE00DE2FEF /* DTCBook.m in Sources */,
				590B74141AEA42C500DE2FEF /* _DTCTag.m in Sources */,
				590B740F1AEA42C500DE2FEF /* _DTCAnnotation.m in Sources */,
				594266441AEB085400C15B54 /* DTCAsyncImage.m in Sources */,
				5906F55C1AEADCD100F31878 /* DTCSandboxURL.m in Sources */,
			);
			runOnlyForDeploymentPostprocessing = 0;
		};
		590B73DB1AEA31AB00DE2FEF /* Sources */ = {
			isa = PBXSourcesBuildPhase;
			buildActionMask = 2147483647;
			files = (
				590B73E61AEA31AB00DE2FEF /* HackerBooks_v2Tests.m in Sources */,
			);
			runOnlyForDeploymentPostprocessing = 0;
		};
/* End PBXSourcesBuildPhase section */

/* Begin PBXTargetDependency section */
		590B73E11AEA31AB00DE2FEF /* PBXTargetDependency */ = {
			isa = PBXTargetDependency;
			target = 590B73CB1AEA31AB00DE2FEF /* HackerBooks_v2 */;
			targetProxy = 590B73E01AEA31AB00DE2FEF /* PBXContainerItemProxy */;
		};
/* End PBXTargetDependency section */

/* Begin PBXVariantGroup section */
		590B73D81AEA31AB00DE2FEF /* LaunchScreen.xib */ = {
			isa = PBXVariantGroup;
			children = (
				590B73D91AEA31AB00DE2FEF /* Base */,
			);
			name = LaunchScreen.xib;
			sourceTree = "<group>";
		};
/* End PBXVariantGroup section */

/* Begin XCBuildConfiguration section */
		590B73E71AEA31AB00DE2FEF /* Debug */ = {
			isa = XCBuildConfiguration;
			buildSettings = {
				ALWAYS_SEARCH_USER_PATHS = NO;
				CLANG_CXX_LANGUAGE_STANDARD = "gnu++0x";
				CLANG_CXX_LIBRARY = "libc++";
				CLANG_ENABLE_MODULES = YES;
				CLANG_ENABLE_OBJC_ARC = YES;
				CLANG_WARN_BOOL_CONVERSION = YES;
				CLANG_WARN_CONSTANT_CONVERSION = YES;
				CLANG_WARN_DIRECT_OBJC_ISA_USAGE = YES_ERROR;
				CLANG_WARN_EMPTY_BODY = YES;
				CLANG_WARN_ENUM_CONVERSION = YES;
				CLANG_WARN_INT_CONVERSION = YES;
				CLANG_WARN_OBJC_ROOT_CLASS = YES_ERROR;
				CLANG_WARN_UNREACHABLE_CODE = YES;
				CLANG_WARN__DUPLICATE_METHOD_MATCH = YES;
				"CODE_SIGN_IDENTITY[sdk=iphoneos*]" = "iPhone Developer";
				COPY_PHASE_STRIP = NO;
				DEBUG_INFORMATION_FORMAT = "dwarf-with-dsym";
				ENABLE_STRICT_OBJC_MSGSEND = YES;
				GCC_C_LANGUAGE_STANDARD = gnu99;
				GCC_DYNAMIC_NO_PIC = NO;
				GCC_NO_COMMON_BLOCKS = YES;
				GCC_OPTIMIZATION_LEVEL = 0;
				GCC_PREPROCESSOR_DEFINITIONS = (
					"DEBUG=1",
					"$(inherited)",
				);
				GCC_SYMBOLS_PRIVATE_EXTERN = NO;
				GCC_WARN_64_TO_32_BIT_CONVERSION = YES;
				GCC_WARN_ABOUT_RETURN_TYPE = YES_ERROR;
				GCC_WARN_UNDECLARED_SELECTOR = YES;
				GCC_WARN_UNINITIALIZED_AUTOS = YES_AGGRESSIVE;
				GCC_WARN_UNUSED_FUNCTION = YES;
				GCC_WARN_UNUSED_VARIABLE = YES;
				IPHONEOS_DEPLOYMENT_TARGET = 8.3;
				MTL_ENABLE_DEBUG_INFO = YES;
				ONLY_ACTIVE_ARCH = YES;
				SDKROOT = iphoneos;
				TARGETED_DEVICE_FAMILY = "1,2";
			};
			name = Debug;
		};
		590B73E81AEA31AB00DE2FEF /* Release */ = {
			isa = XCBuildConfiguration;
			buildSettings = {
				ALWAYS_SEARCH_USER_PATHS = NO;
				CLANG_CXX_LANGUAGE_STANDARD = "gnu++0x";
				CLANG_CXX_LIBRARY = "libc++";
				CLANG_ENABLE_MODULES = YES;
				CLANG_ENABLE_OBJC_ARC = YES;
				CLANG_WARN_BOOL_CONVERSION = YES;
				CLANG_WARN_CONSTANT_CONVERSION = YES;
				CLANG_WARN_DIRECT_OBJC_ISA_USAGE = YES_ERROR;
				CLANG_WARN_EMPTY_BODY = YES;
				CLANG_WARN_ENUM_CONVERSION = YES;
				CLANG_WARN_INT_CONVERSION = YES;
				CLANG_WARN_OBJC_ROOT_CLASS = YES_ERROR;
				CLANG_WARN_UNREACHABLE_CODE = YES;
				CLANG_WARN__DUPLICATE_METHOD_MATCH = YES;
				"CODE_SIGN_IDENTITY[sdk=iphoneos*]" = "iPhone Developer";
				COPY_PHASE_STRIP = NO;
				DEBUG_INFORMATION_FORMAT = "dwarf-with-dsym";
				ENABLE_NS_ASSERTIONS = NO;
				ENABLE_STRICT_OBJC_MSGSEND = YES;
				GCC_C_LANGUAGE_STANDARD = gnu99;
				GCC_NO_COMMON_BLOCKS = YES;
				GCC_WARN_64_TO_32_BIT_CONVERSION = YES;
				GCC_WARN_ABOUT_RETURN_TYPE = YES_ERROR;
				GCC_WARN_UNDECLARED_SELECTOR = YES;
				GCC_WARN_UNINITIALIZED_AUTOS = YES_AGGRESSIVE;
				GCC_WARN_UNUSED_FUNCTION = YES;
				GCC_WARN_UNUSED_VARIABLE = YES;
				IPHONEOS_DEPLOYMENT_TARGET = 8.3;
				MTL_ENABLE_DEBUG_INFO = NO;
				SDKROOT = iphoneos;
				TARGETED_DEVICE_FAMILY = "1,2";
				VALIDATE_PRODUCT = YES;
			};
			name = Release;
		};
		590B73EA1AEA31AB00DE2FEF /* Debug */ = {
			isa = XCBuildConfiguration;
			buildSettings = {
				ASSETCATALOG_COMPILER_APPICON_NAME = AppIcon;
				INFOPLIST_FILE = HackerBooks_v2/Info.plist;
				LD_RUNPATH_SEARCH_PATHS = "$(inherited) @executable_path/Frameworks";
				PRODUCT_NAME = "$(TARGET_NAME)";
			};
			name = Debug;
		};
		590B73EB1AEA31AB00DE2FEF /* Release */ = {
			isa = XCBuildConfiguration;
			buildSettings = {
				ASSETCATALOG_COMPILER_APPICON_NAME = AppIcon;
				INFOPLIST_FILE = HackerBooks_v2/Info.plist;
				LD_RUNPATH_SEARCH_PATHS = "$(inherited) @executable_path/Frameworks";
				PRODUCT_NAME = "$(TARGET_NAME)";
			};
			name = Release;
		};
		590B73ED1AEA31AB00DE2FEF /* Debug */ = {
			isa = XCBuildConfiguration;
			buildSettings = {
				BUNDLE_LOADER = "$(TEST_HOST)";
				FRAMEWORK_SEARCH_PATHS = (
					"$(SDKROOT)/Developer/Library/Frameworks",
					"$(inherited)",
				);
				GCC_PREPROCESSOR_DEFINITIONS = (
					"DEBUG=1",
					"$(inherited)",
				);
				INFOPLIST_FILE = HackerBooks_v2Tests/Info.plist;
				LD_RUNPATH_SEARCH_PATHS = "$(inherited) @executable_path/Frameworks @loader_path/Frameworks";
				PRODUCT_NAME = "$(TARGET_NAME)";
				TEST_HOST = "$(BUILT_PRODUCTS_DIR)/HackerBooks_v2.app/HackerBooks_v2";
			};
			name = Debug;
		};
		590B73EE1AEA31AB00DE2FEF /* Release */ = {
			isa = XCBuildConfiguration;
			buildSettings = {
				BUNDLE_LOADER = "$(TEST_HOST)";
				FRAMEWORK_SEARCH_PATHS = (
					"$(SDKROOT)/Developer/Library/Frameworks",
					"$(inherited)",
				);
				INFOPLIST_FILE = HackerBooks_v2Tests/Info.plist;
				LD_RUNPATH_SEARCH_PATHS = "$(inherited) @executable_path/Frameworks @loader_path/Frameworks";
				PRODUCT_NAME = "$(TARGET_NAME)";
				TEST_HOST = "$(BUILT_PRODUCTS_DIR)/HackerBooks_v2.app/HackerBooks_v2";
			};
			name = Release;
		};
/* End XCBuildConfiguration section */

/* Begin XCConfigurationList section */
		590B73C71AEA31AB00DE2FEF /* Build configuration list for PBXProject "HackerBooks_v2" */ = {
			isa = XCConfigurationList;
			buildConfigurations = (
				590B73E71AEA31AB00DE2FEF /* Debug */,
				590B73E81AEA31AB00DE2FEF /* Release */,
			);
			defaultConfigurationIsVisible = 0;
			defaultConfigurationName = Release;
		};
		590B73E91AEA31AB00DE2FEF /* Build configuration list for PBXNativeTarget "HackerBooks_v2" */ = {
			isa = XCConfigurationList;
			buildConfigurations = (
				590B73EA1AEA31AB00DE2FEF /* Debug */,
				590B73EB1AEA31AB00DE2FEF /* Release */,
			);
			defaultConfigurationIsVisible = 0;
			defaultConfigurationName = Release;
		};
		590B73EC1AEA31AB00DE2FEF /* Build configuration list for PBXNativeTarget "HackerBooks_v2Tests" */ = {
			isa = XCConfigurationList;
			buildConfigurations = (
				590B73ED1AEA31AB00DE2FEF /* Debug */,
				590B73EE1AEA31AB00DE2FEF /* Release */,
			);
			defaultConfigurationIsVisible = 0;
			defaultConfigurationName = Release;
		};
/* End XCConfigurationList section */

/* Begin XCVersionGroup section */
		590B73FF1AEA386400DE2FEF /* Model.xcdatamodeld */ = {
			isa = XCVersionGroup;
			children = (
				590B74001AEA386400DE2FEF /* Model.xcdatamodel */,
			);
			currentVersion = 590B74001AEA386400DE2FEF /* Model.xcdatamodel */;
			path = Model.xcdatamodeld;
			sourceTree = "<group>";
			versionGroupType = wrapper.xcdatamodel;
		};
/* End XCVersionGroup section */
	};
	rootObject = 590B73C41AEA31AB00DE2FEF /* Project object */;
}
